
Microsoft Visual Studio Solution File, Format Version 12.00
# Visual Studio Version 17
VisualStudioVersion = 17.7.34031.279
MinimumVisualStudioVersion = 10.0.40219.1
Project("{9A19103F-16F7-4668-BE54-9A1E7A4F7556}") = "RoyalWebApi", "RoyalWebApi\RoyalWebApi.csproj", "{BC88B293-4ACB-43FB-9178-AE79C31B4590}"
EndProject
Project("{9A19103F-16F7-4668-BE54-9A1E7A4F7556}") = "RoyalDomain", "Domain\RoyalDomain.csproj", "{DCAC9AD8-CE8A-4653-8E26-EF91A8E06FC0}"
EndProject
Project("{2150E333-8FDC-42A3-9474-1A3956D46DE8}") = "Core", "Core", "{3B530BF5-3179-4346-97E3-7E6E5A1AB301}"
EndProject
Project("{9A19103F-16F7-4668-BE54-9A1E7A4F7556}") = "RoyalApplication", "RoyalApplication\RoyalApplication.csproj", "{6F170070-6FB5-4EDF-8608-CBB47A53F92C}"
EndProject
Project("{2150E333-8FDC-42A3-9474-1A3956D46DE8}") = "Royal", "Royal", "{55F8FBE3-FA7A-4550-96C6-1375E33A3C06}"
EndProject
Project("{2150E333-8FDC-42A3-9474-1A3956D46DE8}") = "Infrastructure", "Infrastructure", "{FBC23482-F117-43DF-B354-57D21FCF1B92}"
EndProject
Project("{9A19103F-16F7-4668-BE54-9A1E7A4F7556}") = "RoyalPersistence", "RoyalPersistence\RoyalPersistence.csproj", "{86BA7D32-1B30-465D-A22E-93008AD8BC4A}"
EndProject
Project("{2150E333-8FDC-42A3-9474-1A3956D46DE8}") = "Presntation", "Presntation", "{B4B5CC4C-3C05-4E93-B073-E624C0BCD58E}"
EndProject
Project("{2150E333-8FDC-42A3-9474-1A3956D46DE8}") = "Utility", "Utility", "{33F08909-239D-4ADF-9B97-3C21AF081590}"
EndProject
Project("{9A19103F-16F7-4668-BE54-9A1E7A4F7556}") = "RoyalUtility", "RoyalUtility\RoyalUtility.csproj", "{951D9D4B-70C0-45B8-B35E-245F7FDD6225}"
EndProject
Project("{FAE04EC0-301F-11D3-BF4B-00C04F79EFBC}") = "SamaWebFramework", "SamaWebFramework\SamaWebFramework.csproj", "{BFF236D0-E26F-434F-821C-A080FA4CBBB2}"
EndProject
Global
	GlobalSection(SolutionConfigurationPlatforms) = preSolution
		Debug|Any CPU = Debug|Any CPU
		Release|Any CPU = Release|Any CPU
	EndGlobalSection
	GlobalSection(ProjectConfigurationPlatforms) = postSolution
		{BC88B293-4ACB-43FB-9178-AE79C31B4590}.Debug|Any CPU.ActiveCfg = Debug|Any CPU
		{BC88B293-4ACB-43FB-9178-AE79C31B4590}.Debug|Any CPU.Build.0 = Debug|Any CPU
		{BC88B293-4ACB-43FB-9178-AE79C31B4590}.Release|Any CPU.ActiveCfg = Release|Any CPU
		{BC88B293-4ACB-43FB-9178-AE79C31B4590}.Release|Any CPU.Build.0 = Release|Any CPU
		{DCAC9AD8-CE8A-4653-8E26-EF91A8E06FC0}.Debug|Any CPU.ActiveCfg = Debug|Any CPU
		{DCAC9AD8-CE8A-4653-8E26-EF91A8E06FC0}.Debug|Any CPU.Build.0 = Debug|Any CPU
		{DCAC9AD8-CE8A-4653-8E26-EF91A8E06FC0}.Release|Any CPU.ActiveCfg = Release|Any CPU
		{DCAC9AD8-CE8A-4653-8E26-EF91A8E06FC0}.Release|Any CPU.Build.0 = Release|Any CPU
		{6F170070-6FB5-4EDF-8608-CBB47A53F92C}.Debug|Any CPU.ActiveCfg = Debug|Any CPU
		{6F170070-6FB5-4EDF-8608-CBB47A53F92C}.Debug|Any CPU.Build.0 = Debug|Any CPU
		{6F170070-6FB5-4EDF-8608-CBB47A53F92C}.Release|Any CPU.ActiveCfg = Release|Any CPU
		{6F170070-6FB5-4EDF-8608-CBB47A53F92C}.Release|Any CPU.Build.0 = Release|Any CPU
		{86BA7D32-1B30-465D-A22E-93008AD8BC4A}.Debug|Any CPU.ActiveCfg = Debug|Any CPU
		{86BA7D32-1B30-465D-A22E-93008AD8BC4A}.Debug|Any CPU.Build.0 = Debug|Any CPU
		{86BA7D32-1B30-465D-A22E-93008AD8BC4A}.Release|Any CPU.ActiveCfg = Release|Any CPU
		{86BA7D32-1B30-465D-A22E-93008AD8BC4A}.Release|Any CPU.Build.0 = Release|Any CPU
		{951D9D4B-70C0-45B8-B35E-245F7FDD6225}.Debug|Any CPU.ActiveCfg = Debug|Any CPU
		{951D9D4B-70C0-45B8-B35E-245F7FDD6225}.Debug|Any CPU.Build.0 = Debug|Any CPU
		{951D9D4B-70C0-45B8-B35E-245F7FDD6225}.Release|Any CPU.ActiveCfg = Release|Any CPU
		{951D9D4B-70C0-45B8-B35E-245F7FDD6225}.Release|Any CPU.Build.0 = Release|Any CPU
		{BFF236D0-E26F-434F-821C-A080FA4CBBB2}.Debug|Any CPU.ActiveCfg = Debug|Any CPU
		{BFF236D0-E26F-434F-821C-A080FA4CBBB2}.Debug|Any CPU.Build.0 = Debug|Any CPU
		{BFF236D0-E26F-434F-821C-A080FA4CBBB2}.Release|Any CPU.ActiveCfg = Release|Any CPU
		{BFF236D0-E26F-434F-821C-A080FA4CBBB2}.Release|Any CPU.Build.0 = Release|Any CPU
	EndGlobalSection
	GlobalSection(SolutionProperties) = preSolution
		HideSolutionNode = FALSE
	EndGlobalSection
	GlobalSection(NestedProjects) = preSolution
		{BC88B293-4ACB-43FB-9178-AE79C31B4590} = {B4B5CC4C-3C05-4E93-B073-E624C0BCD58E}
		{DCAC9AD8-CE8A-4653-8E26-EF91A8E06FC0} = {3B530BF5-3179-4346-97E3-7E6E5A1AB301}
		{3B530BF5-3179-4346-97E3-7E6E5A1AB301} = {55F8FBE3-FA7A-4550-96C6-1375E33A3C06}
		{6F170070-6FB5-4EDF-8608-CBB47A53F92C} = {3B530BF5-3179-4346-97E3-7E6E5A1AB301}
		{FBC23482-F117-43DF-B354-57D21FCF1B92} = {55F8FBE3-FA7A-4550-96C6-1375E33A3C06}
		{86BA7D32-1B30-465D-A22E-93008AD8BC4A} = {FBC23482-F117-43DF-B354-57D21FCF1B92}
		{B4B5CC4C-3C05-4E93-B073-E624C0BCD58E} = {55F8FBE3-FA7A-4550-96C6-1375E33A3C06}
		{33F08909-239D-4ADF-9B97-3C21AF081590} = {55F8FBE3-FA7A-4550-96C6-1375E33A3C06}
		{951D9D4B-70C0-45B8-B35E-245F7FDD6225} = {33F08909-239D-4ADF-9B97-3C21AF081590}
		{BFF236D0-E26F-434F-821C-A080FA4CBBB2} = {33F08909-239D-4ADF-9B97-3C21AF081590}
	EndGlobalSection
	GlobalSection(ExtensibilityGlobals) = postSolution
		SolutionGuid = {83F314F0-D49A-4054-A7E2-3CB3B73AADA3}
	EndGlobalSection
EndGlobal
